
Microsoft Visual Studio Solution File, Format Version 12.00
# Visual Studio 15
VisualStudioVersion = 15.0.28307.271
MinimumVisualStudioVersion = 10.0.40219.1
Project("{9A19103F-16F7-4668-BE54-9A1E7A4F7556}") = "CtxImpl", "..\CtxImpl\CtxImpl.csproj", "{11495F26-1307-418D-B5AD-317C523F557E}"
EndProject
Project("{9A19103F-16F7-4668-BE54-9A1E7A4F7556}") = "CtxItf", "..\CtxItf\CtxItf.csproj", "{60E425AD-F09F-46E1-BD84-1DE2ED2DF059}"
EndProject
Project("{2150E333-8FDC-42A3-9474-1A3956D46DE8}") = "_test", "_test", "{B20DBFC6-7A60-4D80-90F6-BA4EF4757DB1}"
EndProject
Project("{9A19103F-16F7-4668-BE54-9A1E7A4F7556}") = "UnitTest.CtxImpl", "..\_test\UnitTest.CtxImpl\UnitTest.CtxImpl.csproj", "{C91B514A-7F27-4DCC-8041-8B5C04F79FC7}"
EndProject
Global
	GlobalSection(SolutionConfigurationPlatforms) = preSolution
		Debug|Any CPU = Debug|Any CPU
		Release|Any CPU = Release|Any CPU
	EndGlobalSection
	GlobalSection(ProjectConfigurationPlatforms) = postSolution
		{11495F26-1307-418D-B5AD-317C523F557E}.Debug|Any CPU.ActiveCfg = Debug|Any CPU
		{11495F26-1307-418D-B5AD-317C523F557E}.Debug|Any CPU.Build.0 = Debug|Any CPU
		{11495F26-1307-418D-B5AD-317C523F557E}.Release|Any CPU.ActiveCfg = Release|Any CPU
		{11495F26-1307-418D-B5AD-317C523F557E}.Release|Any CPU.Build.0 = Release|Any CPU
		{60E425AD-F09F-46E1-BD84-1DE2ED2DF059}.Debug|Any CPU.ActiveCfg = Debug|Any CPU
		{60E425AD-F09F-46E1-BD84-1DE2ED2DF059}.Debug|Any CPU.Build.0 = Debug|Any CPU
		{60E425AD-F09F-46E1-BD84-1DE2ED2DF059}.Release|Any CPU.ActiveCfg = Release|Any CPU
		{60E425AD-F09F-46E1-BD84-1DE2ED2DF059}.Release|Any CPU.Build.0 = Release|Any CPU
		{C91B514A-7F27-4DCC-8041-8B5C04F79FC7}.Debug|Any CPU.ActiveCfg = Debug|Any CPU
		{C91B514A-7F27-4DCC-8041-8B5C04F79FC7}.Debug|Any CPU.Build.0 = Debug|Any CPU
		{C91B514A-7F27-4DCC-8041-8B5C04F79FC7}.Release|Any CPU.ActiveCfg = Release|Any CPU
		{C91B514A-7F27-4DCC-8041-8B5C04F79FC7}.Release|Any CPU.Build.0 = Release|Any CPU
	EndGlobalSection
	GlobalSection(SolutionProperties) = preSolution
		HideSolutionNode = FALSE
	EndGlobalSection
	GlobalSection(NestedProjects) = preSolution
		{C91B514A-7F27-4DCC-8041-8B5C04F79FC7} = {B20DBFC6-7A60-4D80-90F6-BA4EF4757DB1}
	EndGlobalSection
	GlobalSection(ExtensibilityGlobals) = postSolution
		SolutionGuid = {A5966381-8A71-4D80-BF54-CF496BE16210}
	EndGlobalSection
EndGlobal
