
Microsoft Visual Studio Solution File, Format Version 12.00
# Visual Studio 15
VisualStudioVersion = 15.0.28010.2046
MinimumVisualStudioVersion = 10.0.40219.1
Project("{FAE04EC0-301F-11D3-BF4B-00C04F79EFBC}") = "ProtoGame05", "ProtoGame05\ProtoGame05.csproj", "{D0184393-D60A-4E05-9689-8FFB3ECAB072}"
EndProject
Global
	GlobalSection(SolutionConfigurationPlatforms) = preSolution
		Debug|Any CPU = Debug|Any CPU
		Release|Any CPU = Release|Any CPU
	EndGlobalSection
	GlobalSection(ProjectConfigurationPlatforms) = postSolution
		{D0184393-D60A-4E05-9689-8FFB3ECAB072}.Debug|Any CPU.ActiveCfg = Debug|Any CPU
		{D0184393-D60A-4E05-9689-8FFB3ECAB072}.Debug|Any CPU.Build.0 = Debug|Any CPU
		{D0184393-D60A-4E05-9689-8FFB3ECAB072}.Release|Any CPU.ActiveCfg = Release|Any CPU
		{D0184393-D60A-4E05-9689-8FFB3ECAB072}.Release|Any CPU.Build.0 = Release|Any CPU
	EndGlobalSection
	GlobalSection(SolutionProperties) = preSolution
		HideSolutionNode = FALSE
	EndGlobalSection
	GlobalSection(ExtensibilityGlobals) = postSolution
		SolutionGuid = {DDF9FC90-F6F4-49B8-828B-7495F6D00851}
	EndGlobalSection
EndGlobal
