
Microsoft Visual Studio Solution File, Format Version 12.00
# Visual Studio 15
VisualStudioVersion = 15.0.28307.271
MinimumVisualStudioVersion = 10.0.40219.1
Project("{9A19103F-16F7-4668-BE54-9A1E7A4F7556}") = "ContextPool", "..\ContextLayer\ContextPool\ContextPool.csproj", "{5E279C66-FBEC-4EC6-B9AC-E4DC1D885E42}"
EndProject
Project("{2150E333-8FDC-42A3-9474-1A3956D46DE8}") = "ContextLayer", "ContextLayer", "{ABB4957E-04E5-40BC-866D-E52C62E3B51D}"
EndProject
Project("{2150E333-8FDC-42A3-9474-1A3956D46DE8}") = "RealPersistenceLayer", "RealPersistenceLayer", "{860D2C68-1762-4AD2-9CCC-EEE76B3394CE}"
EndProject
Project("{9A19103F-16F7-4668-BE54-9A1E7A4F7556}") = "ConfigurationPersistence", "..\RealPersistenceLayer\ConfigurationPersistence\ConfigurationPersistence.csproj", "{B9CF487D-9174-4AA7-88D6-D8576A0286D7}"
EndProject
Project("{9A19103F-16F7-4668-BE54-9A1E7A4F7556}") = "ContextPoolModule", "..\ContextLayer\ContextPoolModule\ContextPoolModule.csproj", "{9B92E686-59F8-4E77-9934-58D4B3338810}"
EndProject
Project("{FAE04EC0-301F-11D3-BF4B-00C04F79EFBC}") = "FakeTestApp", "..\FakeTestApp\FakeTestApp.csproj", "{9A199B0D-1907-4CFC-AC75-B46EB5FE56BB}"
EndProject
Project("{2150E333-8FDC-42A3-9474-1A3956D46DE8}") = "PersistenceTopLayer", "PersistenceTopLayer", "{8DE70202-EAE8-4A05-A867-9976ADA0F23C}"
EndProject
Project("{FAE04EC0-301F-11D3-BF4B-00C04F79EFBC}") = "ConfigurationHandler", "..\PersistenceTopLayer\ConfigurationHandler\ConfigurationHandler.csproj", "{C44A2C67-7D25-4C9E-BF5A-13C3B784B878}"
EndProject
Global
	GlobalSection(SolutionConfigurationPlatforms) = preSolution
		Debug|Any CPU = Debug|Any CPU
		Release|Any CPU = Release|Any CPU
	EndGlobalSection
	GlobalSection(ProjectConfigurationPlatforms) = postSolution
		{5E279C66-FBEC-4EC6-B9AC-E4DC1D885E42}.Debug|Any CPU.ActiveCfg = Debug|Any CPU
		{5E279C66-FBEC-4EC6-B9AC-E4DC1D885E42}.Debug|Any CPU.Build.0 = Debug|Any CPU
		{5E279C66-FBEC-4EC6-B9AC-E4DC1D885E42}.Release|Any CPU.ActiveCfg = Release|Any CPU
		{5E279C66-FBEC-4EC6-B9AC-E4DC1D885E42}.Release|Any CPU.Build.0 = Release|Any CPU
		{B9CF487D-9174-4AA7-88D6-D8576A0286D7}.Debug|Any CPU.ActiveCfg = Debug|Any CPU
		{B9CF487D-9174-4AA7-88D6-D8576A0286D7}.Debug|Any CPU.Build.0 = Debug|Any CPU
		{B9CF487D-9174-4AA7-88D6-D8576A0286D7}.Release|Any CPU.ActiveCfg = Release|Any CPU
		{B9CF487D-9174-4AA7-88D6-D8576A0286D7}.Release|Any CPU.Build.0 = Release|Any CPU
		{9B92E686-59F8-4E77-9934-58D4B3338810}.Debug|Any CPU.ActiveCfg = Debug|Any CPU
		{9B92E686-59F8-4E77-9934-58D4B3338810}.Debug|Any CPU.Build.0 = Debug|Any CPU
		{9B92E686-59F8-4E77-9934-58D4B3338810}.Release|Any CPU.ActiveCfg = Release|Any CPU
		{9B92E686-59F8-4E77-9934-58D4B3338810}.Release|Any CPU.Build.0 = Release|Any CPU
		{9A199B0D-1907-4CFC-AC75-B46EB5FE56BB}.Debug|Any CPU.ActiveCfg = Debug|Any CPU
		{9A199B0D-1907-4CFC-AC75-B46EB5FE56BB}.Debug|Any CPU.Build.0 = Debug|Any CPU
		{9A199B0D-1907-4CFC-AC75-B46EB5FE56BB}.Release|Any CPU.ActiveCfg = Release|Any CPU
		{9A199B0D-1907-4CFC-AC75-B46EB5FE56BB}.Release|Any CPU.Build.0 = Release|Any CPU
		{C44A2C67-7D25-4C9E-BF5A-13C3B784B878}.Debug|Any CPU.ActiveCfg = Debug|Any CPU
		{C44A2C67-7D25-4C9E-BF5A-13C3B784B878}.Debug|Any CPU.Build.0 = Debug|Any CPU
		{C44A2C67-7D25-4C9E-BF5A-13C3B784B878}.Release|Any CPU.ActiveCfg = Release|Any CPU
		{C44A2C67-7D25-4C9E-BF5A-13C3B784B878}.Release|Any CPU.Build.0 = Release|Any CPU
	EndGlobalSection
	GlobalSection(SolutionProperties) = preSolution
		HideSolutionNode = FALSE
	EndGlobalSection
	GlobalSection(NestedProjects) = preSolution
		{5E279C66-FBEC-4EC6-B9AC-E4DC1D885E42} = {ABB4957E-04E5-40BC-866D-E52C62E3B51D}
		{B9CF487D-9174-4AA7-88D6-D8576A0286D7} = {860D2C68-1762-4AD2-9CCC-EEE76B3394CE}
		{9B92E686-59F8-4E77-9934-58D4B3338810} = {ABB4957E-04E5-40BC-866D-E52C62E3B51D}
		{C44A2C67-7D25-4C9E-BF5A-13C3B784B878} = {8DE70202-EAE8-4A05-A867-9976ADA0F23C}
	EndGlobalSection
	GlobalSection(ExtensibilityGlobals) = postSolution
		SolutionGuid = {BDED9C4D-3DCA-4574-8EC5-3D3BC33E49F8}
	EndGlobalSection
EndGlobal
