
Microsoft Visual Studio Solution File, Format Version 12.00
# Visual Studio 15
VisualStudioVersion = 15.0.28307.271
MinimumVisualStudioVersion = 10.0.40219.1
Project("{2150E333-8FDC-42A3-9474-1A3956D46DE8}") = "CtxLay", "CtxLay", "{E3E4472C-8CA4-45D9-960D-AE226581B261}"
EndProject
Project("{9A19103F-16F7-4668-BE54-9A1E7A4F7556}") = "CtxItf", "..\CtxLay\CtxItf\CtxItf.csproj", "{F34C4090-1FF6-4FC2-B129-101F3DDEDE30}"
EndProject
Project("{9A19103F-16F7-4668-BE54-9A1E7A4F7556}") = "CtxImpl", "..\CtxLay\CtxImpl\CtxImpl.csproj", "{561FD787-CD05-4983-B172-5308D05BC35F}"
EndProject
Project("{2150E333-8FDC-42A3-9474-1A3956D46DE8}") = "LayA", "LayA", "{FBACE6F9-5D9B-459D-8CED-3D169A2D69BB}"
EndProject
Project("{2150E333-8FDC-42A3-9474-1A3956D46DE8}") = "LayB", "LayB", "{B63DCE86-0539-45A1-8AB2-E1CE4D187350}"
EndProject
Project("{9A19103F-16F7-4668-BE54-9A1E7A4F7556}") = "ModA", "..\LayA\ModA\ModA.csproj", "{DDB821E6-CE9A-45D4-AAC4-F4E71DB16E00}"
EndProject
Project("{9A19103F-16F7-4668-BE54-9A1E7A4F7556}") = "ModB", "..\LayB\ModB\ModB.csproj", "{62D3C503-3039-41C7-909D-DF22667A284E}"
EndProject
Project("{2150E333-8FDC-42A3-9474-1A3956D46DE8}") = "_test", "_test", "{2B0C202B-9241-4D2B-84F4-70C13A94E94F}"
EndProject
Project("{2150E333-8FDC-42A3-9474-1A3956D46DE8}") = "_test", "_test", "{77493063-55FE-453C-AD29-62DBB7F96633}"
EndProject
Project("{2150E333-8FDC-42A3-9474-1A3956D46DE8}") = "_test", "_test", "{F4890CAF-4870-4639-8F35-E79E765099B8}"
EndProject
Project("{9A19103F-16F7-4668-BE54-9A1E7A4F7556}") = "UnitTest.CtxImpl", "..\CtxLay\_test\UnitTest.CtxImpl\UnitTest.CtxImpl.csproj", "{FD3B4BE9-855B-4634-9742-84B2F4805A58}"
EndProject
Project("{9A19103F-16F7-4668-BE54-9A1E7A4F7556}") = "UnitTest.ModA", "..\LayA\_test\UnitTest.ModA\UnitTest.ModA.csproj", "{0C3FDCAB-58BD-44D9-81C1-D95D1F64B52B}"
EndProject
Project("{9A19103F-16F7-4668-BE54-9A1E7A4F7556}") = "UnitTest.ModB", "..\LayB\_test\UnitTest.ModB\UnitTest.ModB.csproj", "{3890A778-9D88-4994-9305-A337BAC54E54}"
EndProject
Global
	GlobalSection(SolutionConfigurationPlatforms) = preSolution
		Debug|Any CPU = Debug|Any CPU
		Release|Any CPU = Release|Any CPU
	EndGlobalSection
	GlobalSection(ProjectConfigurationPlatforms) = postSolution
		{F34C4090-1FF6-4FC2-B129-101F3DDEDE30}.Debug|Any CPU.ActiveCfg = Debug|Any CPU
		{F34C4090-1FF6-4FC2-B129-101F3DDEDE30}.Debug|Any CPU.Build.0 = Debug|Any CPU
		{F34C4090-1FF6-4FC2-B129-101F3DDEDE30}.Release|Any CPU.ActiveCfg = Release|Any CPU
		{F34C4090-1FF6-4FC2-B129-101F3DDEDE30}.Release|Any CPU.Build.0 = Release|Any CPU
		{561FD787-CD05-4983-B172-5308D05BC35F}.Debug|Any CPU.ActiveCfg = Debug|Any CPU
		{561FD787-CD05-4983-B172-5308D05BC35F}.Debug|Any CPU.Build.0 = Debug|Any CPU
		{561FD787-CD05-4983-B172-5308D05BC35F}.Release|Any CPU.ActiveCfg = Release|Any CPU
		{561FD787-CD05-4983-B172-5308D05BC35F}.Release|Any CPU.Build.0 = Release|Any CPU
		{DDB821E6-CE9A-45D4-AAC4-F4E71DB16E00}.Debug|Any CPU.ActiveCfg = Debug|Any CPU
		{DDB821E6-CE9A-45D4-AAC4-F4E71DB16E00}.Debug|Any CPU.Build.0 = Debug|Any CPU
		{DDB821E6-CE9A-45D4-AAC4-F4E71DB16E00}.Release|Any CPU.ActiveCfg = Release|Any CPU
		{DDB821E6-CE9A-45D4-AAC4-F4E71DB16E00}.Release|Any CPU.Build.0 = Release|Any CPU
		{62D3C503-3039-41C7-909D-DF22667A284E}.Debug|Any CPU.ActiveCfg = Debug|Any CPU
		{62D3C503-3039-41C7-909D-DF22667A284E}.Debug|Any CPU.Build.0 = Debug|Any CPU
		{62D3C503-3039-41C7-909D-DF22667A284E}.Release|Any CPU.ActiveCfg = Release|Any CPU
		{62D3C503-3039-41C7-909D-DF22667A284E}.Release|Any CPU.Build.0 = Release|Any CPU
		{FD3B4BE9-855B-4634-9742-84B2F4805A58}.Debug|Any CPU.ActiveCfg = Debug|Any CPU
		{FD3B4BE9-855B-4634-9742-84B2F4805A58}.Debug|Any CPU.Build.0 = Debug|Any CPU
		{FD3B4BE9-855B-4634-9742-84B2F4805A58}.Release|Any CPU.ActiveCfg = Release|Any CPU
		{FD3B4BE9-855B-4634-9742-84B2F4805A58}.Release|Any CPU.Build.0 = Release|Any CPU
		{0C3FDCAB-58BD-44D9-81C1-D95D1F64B52B}.Debug|Any CPU.ActiveCfg = Debug|Any CPU
		{0C3FDCAB-58BD-44D9-81C1-D95D1F64B52B}.Debug|Any CPU.Build.0 = Debug|Any CPU
		{0C3FDCAB-58BD-44D9-81C1-D95D1F64B52B}.Release|Any CPU.ActiveCfg = Release|Any CPU
		{0C3FDCAB-58BD-44D9-81C1-D95D1F64B52B}.Release|Any CPU.Build.0 = Release|Any CPU
		{3890A778-9D88-4994-9305-A337BAC54E54}.Debug|Any CPU.ActiveCfg = Debug|Any CPU
		{3890A778-9D88-4994-9305-A337BAC54E54}.Debug|Any CPU.Build.0 = Debug|Any CPU
		{3890A778-9D88-4994-9305-A337BAC54E54}.Release|Any CPU.ActiveCfg = Release|Any CPU
		{3890A778-9D88-4994-9305-A337BAC54E54}.Release|Any CPU.Build.0 = Release|Any CPU
	EndGlobalSection
	GlobalSection(SolutionProperties) = preSolution
		HideSolutionNode = FALSE
	EndGlobalSection
	GlobalSection(NestedProjects) = preSolution
		{F34C4090-1FF6-4FC2-B129-101F3DDEDE30} = {E3E4472C-8CA4-45D9-960D-AE226581B261}
		{561FD787-CD05-4983-B172-5308D05BC35F} = {E3E4472C-8CA4-45D9-960D-AE226581B261}
		{DDB821E6-CE9A-45D4-AAC4-F4E71DB16E00} = {FBACE6F9-5D9B-459D-8CED-3D169A2D69BB}
		{62D3C503-3039-41C7-909D-DF22667A284E} = {B63DCE86-0539-45A1-8AB2-E1CE4D187350}
		{2B0C202B-9241-4D2B-84F4-70C13A94E94F} = {E3E4472C-8CA4-45D9-960D-AE226581B261}
		{77493063-55FE-453C-AD29-62DBB7F96633} = {FBACE6F9-5D9B-459D-8CED-3D169A2D69BB}
		{F4890CAF-4870-4639-8F35-E79E765099B8} = {B63DCE86-0539-45A1-8AB2-E1CE4D187350}
		{FD3B4BE9-855B-4634-9742-84B2F4805A58} = {2B0C202B-9241-4D2B-84F4-70C13A94E94F}
		{0C3FDCAB-58BD-44D9-81C1-D95D1F64B52B} = {77493063-55FE-453C-AD29-62DBB7F96633}
		{3890A778-9D88-4994-9305-A337BAC54E54} = {F4890CAF-4870-4639-8F35-E79E765099B8}
	EndGlobalSection
	GlobalSection(ExtensibilityGlobals) = postSolution
		SolutionGuid = {432056B2-FD2C-4C0A-8000-A3CD6F11E7D3}
	EndGlobalSection
EndGlobal
